
Microsoft Visual Studio Solution File, Format Version 12.00
# Visual Studio Version 17
VisualStudioVersion = 17.8.34004.107
MinimumVisualStudioVersion = 10.0.40219.1
Project("{FAE04EC0-301F-11D3-BF4B-00C04F79EFBC}") = "Module05HM", "Module05HM\Module05HM.csproj", "{91EEDD86-03CF-4C74-9883-26BD15A4F80E}"
EndProject
Global
	GlobalSection(SolutionConfigurationPlatforms) = preSolution
		Debug|Any CPU = Debug|Any CPU
		Release|Any CPU = Release|Any CPU
	EndGlobalSection
	GlobalSection(ProjectConfigurationPlatforms) = postSolution
		{91EEDD86-03CF-4C74-9883-26BD15A4F80E}.Debug|Any CPU.ActiveCfg = Debug|Any CPU
		{91EEDD86-03CF-4C74-9883-26BD15A4F80E}.Debug|Any CPU.Build.0 = Debug|Any CPU
		{91EEDD86-03CF-4C74-9883-26BD15A4F80E}.Release|Any CPU.ActiveCfg = Release|Any CPU
		{91EEDD86-03CF-4C74-9883-26BD15A4F80E}.Release|Any CPU.Build.0 = Release|Any CPU
	EndGlobalSection
	GlobalSection(SolutionProperties) = preSolution
		HideSolutionNode = FALSE
	EndGlobalSection
	GlobalSection(ExtensibilityGlobals) = postSolution
		SolutionGuid = {C5652DA6-BA20-4710-A032-DFE2AFFD5492}
	EndGlobalSection
EndGlobal
